
Microsoft Visual Studio Solution File, Format Version 12.00
# Visual Studio 15
VisualStudioVersion = 15.0.27703.2042
MinimumVisualStudioVersion = 10.0.40219.1
Project("{9A19103F-16F7-4668-BE54-9A1E7A4F7556}") = "Fullstack.NET", "Fullstack.NET\Fullstack.NET.csproj", "{B60C1359-5B8C-47BE-80B0-ED697868EBD1}"
EndProject
Project("{9A19103F-16F7-4668-BE54-9A1E7A4F7556}") = "Fullstack.NET.Database", "Fullstack.NET.Database\Fullstack.NET.Database.csproj", "{AC9E0DC4-7CD8-4DB6-A41D-E775EA2AA4D1}"
EndProject
Project("{9A19103F-16F7-4668-BE54-9A1E7A4F7556}") = "Fullstack.NET.Services", "Fullstack.NET.Services\Fullstack.NET.Services.csproj", "{9DE72080-3173-4CC1-B5D5-CD25FF9D269C}"
EndProject
Project("{FAE04EC0-301F-11D3-BF4B-00C04F79EFBC}") = "Fullstack.NET.BotIntegration", "Fullstack.NET.BotIntegration\Fullstack.NET.BotIntegration.csproj", "{176DEA12-91FB-452D-A3CF-B05147A001BC}"
EndProject
Global
	GlobalSection(SolutionConfigurationPlatforms) = preSolution
		Debug|Any CPU = Debug|Any CPU
		Release|Any CPU = Release|Any CPU
	EndGlobalSection
	GlobalSection(ProjectConfigurationPlatforms) = postSolution
		{B60C1359-5B8C-47BE-80B0-ED697868EBD1}.Debug|Any CPU.ActiveCfg = Debug|Any CPU
		{B60C1359-5B8C-47BE-80B0-ED697868EBD1}.Debug|Any CPU.Build.0 = Debug|Any CPU
		{B60C1359-5B8C-47BE-80B0-ED697868EBD1}.Release|Any CPU.ActiveCfg = Release|Any CPU
		{B60C1359-5B8C-47BE-80B0-ED697868EBD1}.Release|Any CPU.Build.0 = Release|Any CPU
		{AC9E0DC4-7CD8-4DB6-A41D-E775EA2AA4D1}.Debug|Any CPU.ActiveCfg = Debug|Any CPU
		{AC9E0DC4-7CD8-4DB6-A41D-E775EA2AA4D1}.Debug|Any CPU.Build.0 = Debug|Any CPU
		{AC9E0DC4-7CD8-4DB6-A41D-E775EA2AA4D1}.Release|Any CPU.ActiveCfg = Release|Any CPU
		{AC9E0DC4-7CD8-4DB6-A41D-E775EA2AA4D1}.Release|Any CPU.Build.0 = Release|Any CPU
		{9DE72080-3173-4CC1-B5D5-CD25FF9D269C}.Debug|Any CPU.ActiveCfg = Debug|Any CPU
		{9DE72080-3173-4CC1-B5D5-CD25FF9D269C}.Debug|Any CPU.Build.0 = Debug|Any CPU
		{9DE72080-3173-4CC1-B5D5-CD25FF9D269C}.Release|Any CPU.ActiveCfg = Release|Any CPU
		{9DE72080-3173-4CC1-B5D5-CD25FF9D269C}.Release|Any CPU.Build.0 = Release|Any CPU
		{176DEA12-91FB-452D-A3CF-B05147A001BC}.Debug|Any CPU.ActiveCfg = Debug|Any CPU
		{176DEA12-91FB-452D-A3CF-B05147A001BC}.Debug|Any CPU.Build.0 = Debug|Any CPU
		{176DEA12-91FB-452D-A3CF-B05147A001BC}.Release|Any CPU.ActiveCfg = Release|Any CPU
		{176DEA12-91FB-452D-A3CF-B05147A001BC}.Release|Any CPU.Build.0 = Release|Any CPU
	EndGlobalSection
	GlobalSection(SolutionProperties) = preSolution
		HideSolutionNode = FALSE
	EndGlobalSection
	GlobalSection(ExtensibilityGlobals) = postSolution
		SolutionGuid = {A25C3916-FE37-4B18-873B-E30741B6F433}
	EndGlobalSection
EndGlobal
